
Microsoft Visual Studio Solution File, Format Version 12.00
# Visual Studio Version 17
VisualStudioVersion = 17.4.33205.214
MinimumVisualStudioVersion = 10.0.40219.1
Project("{9A19103F-16F7-4668-BE54-9A1E7A4F7556}") = "elasticsearchApi", "elasticsearchApi\elasticsearchApi.csproj", "{F6B94359-A803-4096-9B4B-F12A8AC7008E}"
EndProject
Project("{9A19103F-16F7-4668-BE54-9A1E7A4F7556}") = "elasticsearchApi.Tests", "API.Test\elasticsearchApi.Tests.csproj", "{EB15B3BB-571E-48A3-AD14-255BFE489EEE}"
EndProject
Project("{2150E333-8FDC-42A3-9474-1A3956D46DE8}") = "Solution Items", "Solution Items", "{9A45C227-7F8D-4338-B5BD-0A94D89ECADF}"
	ProjectSection(SolutionItems) = preProject
		docker-compose-prod.yml = docker-compose-prod.yml
		docker-compose.yml = docker-compose.yml
		Dockerfile = Dockerfile
	EndProjectSection
EndProject
Global
	GlobalSection(SolutionConfigurationPlatforms) = preSolution
		Debug|Any CPU = Debug|Any CPU
		Release|Any CPU = Release|Any CPU
	EndGlobalSection
	GlobalSection(ProjectConfigurationPlatforms) = postSolution
		{F6B94359-A803-4096-9B4B-F12A8AC7008E}.Debug|Any CPU.ActiveCfg = Debug|Any CPU
		{F6B94359-A803-4096-9B4B-F12A8AC7008E}.Debug|Any CPU.Build.0 = Debug|Any CPU
		{F6B94359-A803-4096-9B4B-F12A8AC7008E}.Release|Any CPU.ActiveCfg = Release|Any CPU
		{F6B94359-A803-4096-9B4B-F12A8AC7008E}.Release|Any CPU.Build.0 = Release|Any CPU
		{EB15B3BB-571E-48A3-AD14-255BFE489EEE}.Debug|Any CPU.ActiveCfg = Debug|Any CPU
		{EB15B3BB-571E-48A3-AD14-255BFE489EEE}.Debug|Any CPU.Build.0 = Debug|Any CPU
		{EB15B3BB-571E-48A3-AD14-255BFE489EEE}.Release|Any CPU.ActiveCfg = Release|Any CPU
		{EB15B3BB-571E-48A3-AD14-255BFE489EEE}.Release|Any CPU.Build.0 = Release|Any CPU
	EndGlobalSection
	GlobalSection(SolutionProperties) = preSolution
		HideSolutionNode = FALSE
	EndGlobalSection
	GlobalSection(ExtensibilityGlobals) = postSolution
		SolutionGuid = {57BD05BC-158D-49AA-A22D-A3BE0EFFD653}
	EndGlobalSection
EndGlobal
